
Microsoft Visual Studio Solution File, Format Version 12.00
# Visual Studio 14
VisualStudioVersion = 14.0.25420.1
MinimumVisualStudioVersion = 10.0.40219.1
Project("{D954291E-2A0B-460D-934E-DC6B0785DB48}") = "CalculatePracticeApp", "CalculatePracticeApp\CalculatePracticeApp\CalculatePracticeApp.shproj", "{F9EEC058-8E2A-41C7-9168-91722C8321DA}"
EndProject
Project("{FAE04EC0-301F-11D3-BF4B-00C04F79EFBC}") = "CalculatePracticeApp.Android", "CalculatePracticeApp\CalculatePracticeApp.Android\CalculatePracticeApp.Android.csproj", "{BFCBB5CF-1924-4B40-BD05-9E84161A50DA}"
EndProject
Project("{FAE04EC0-301F-11D3-BF4B-00C04F79EFBC}") = "CalculatePracticeApp.iOS", "CalculatePracticeApp\CalculatePracticeApp.iOS\CalculatePracticeApp.iOS.csproj", "{32234AEF-4F42-4C82-9B78-F51DE86C454B}"
EndProject
Project("{FAE04EC0-301F-11D3-BF4B-00C04F79EFBC}") = "CalculatePracticeApp.UWP", "CalculatePracticeApp\CalculatePracticeApp.UWP\CalculatePracticeApp.UWP.csproj", "{7DBD2DCF-D8A0-43C3-AF71-7DDA41771378}"
EndProject
Global
	GlobalSection(SharedMSBuildProjectFiles) = preSolution
		CalculatePracticeApp\CalculatePracticeApp\CalculatePracticeApp.projitems*{32234aef-4f42-4c82-9b78-f51de86c454b}*SharedItemsImports = 4
		CalculatePracticeApp\CalculatePracticeApp\CalculatePracticeApp.projitems*{bfcbb5cf-1924-4b40-bd05-9e84161a50da}*SharedItemsImports = 4
		CalculatePracticeApp\CalculatePracticeApp\CalculatePracticeApp.projitems*{f9eec058-8e2a-41c7-9168-91722c8321da}*SharedItemsImports = 13
	EndGlobalSection
	GlobalSection(SolutionConfigurationPlatforms) = preSolution
		Ad-Hoc|Any CPU = Ad-Hoc|Any CPU
		Ad-Hoc|ARM = Ad-Hoc|ARM
		Ad-Hoc|iPhone = Ad-Hoc|iPhone
		Ad-Hoc|iPhoneSimulator = Ad-Hoc|iPhoneSimulator
		Ad-Hoc|x64 = Ad-Hoc|x64
		Ad-Hoc|x86 = Ad-Hoc|x86
		AppStore|Any CPU = AppStore|Any CPU
		AppStore|ARM = AppStore|ARM
		AppStore|iPhone = AppStore|iPhone
		AppStore|iPhoneSimulator = AppStore|iPhoneSimulator
		AppStore|x64 = AppStore|x64
		AppStore|x86 = AppStore|x86
		Debug|Any CPU = Debug|Any CPU
		Debug|ARM = Debug|ARM
		Debug|iPhone = Debug|iPhone
		Debug|iPhoneSimulator = Debug|iPhoneSimulator
		Debug|x64 = Debug|x64
		Debug|x86 = Debug|x86
		Release|Any CPU = Release|Any CPU
		Release|ARM = Release|ARM
		Release|iPhone = Release|iPhone
		Release|iPhoneSimulator = Release|iPhoneSimulator
		Release|x64 = Release|x64
		Release|x86 = Release|x86
	EndGlobalSection
	GlobalSection(ProjectConfigurationPlatforms) = postSolution
		{BFCBB5CF-1924-4B40-BD05-9E84161A50DA}.Ad-Hoc|Any CPU.ActiveCfg = Release|Any CPU
		{BFCBB5CF-1924-4B40-BD05-9E84161A50DA}.Ad-Hoc|Any CPU.Build.0 = Release|Any CPU
		{BFCBB5CF-1924-4B40-BD05-9E84161A50DA}.Ad-Hoc|Any CPU.Deploy.0 = Release|Any CPU
		{BFCBB5CF-1924-4B40-BD05-9E84161A50DA}.Ad-Hoc|ARM.ActiveCfg = Release|Any CPU
		{BFCBB5CF-1924-4B40-BD05-9E84161A50DA}.Ad-Hoc|ARM.Build.0 = Release|Any CPU
		{BFCBB5CF-1924-4B40-BD05-9E84161A50DA}.Ad-Hoc|ARM.Deploy.0 = Release|Any CPU
		{BFCBB5CF-1924-4B40-BD05-9E84161A50DA}.Ad-Hoc|iPhone.ActiveCfg = Release|Any CPU
		{BFCBB5CF-1924-4B40-BD05-9E84161A50DA}.Ad-Hoc|iPhone.Build.0 = Release|Any CPU
		{BFCBB5CF-1924-4B40-BD05-9E84161A50DA}.Ad-Hoc|iPhone.Deploy.0 = Release|Any CPU
		{BFCBB5CF-1924-4B40-BD05-9E84161A50DA}.Ad-Hoc|iPhoneSimulator.ActiveCfg = Release|Any CPU
		{BFCBB5CF-1924-4B40-BD05-9E84161A50DA}.Ad-Hoc|iPhoneSimulator.Build.0 = Release|Any CPU
		{BFCBB5CF-1924-4B40-BD05-9E84161A50DA}.Ad-Hoc|iPhoneSimulator.Deploy.0 = Release|Any CPU
		{BFCBB5CF-1924-4B40-BD05-9E84161A50DA}.Ad-Hoc|x64.ActiveCfg = Release|Any CPU
		{BFCBB5CF-1924-4B40-BD05-9E84161A50DA}.Ad-Hoc|x64.Build.0 = Release|Any CPU
		{BFCBB5CF-1924-4B40-BD05-9E84161A50DA}.Ad-Hoc|x64.Deploy.0 = Release|Any CPU
		{BFCBB5CF-1924-4B40-BD05-9E84161A50DA}.Ad-Hoc|x86.ActiveCfg = Release|Any CPU
		{BFCBB5CF-1924-4B40-BD05-9E84161A50DA}.Ad-Hoc|x86.Build.0 = Release|Any CPU
		{BFCBB5CF-1924-4B40-BD05-9E84161A50DA}.Ad-Hoc|x86.Deploy.0 = Release|Any CPU
		{BFCBB5CF-1924-4B40-BD05-9E84161A50DA}.AppStore|Any CPU.ActiveCfg = Release|Any CPU
		{BFCBB5CF-1924-4B40-BD05-9E84161A50DA}.AppStore|Any CPU.Build.0 = Release|Any CPU
		{BFCBB5CF-1924-4B40-BD05-9E84161A50DA}.AppStore|Any CPU.Deploy.0 = Release|Any CPU
		{BFCBB5CF-1924-4B40-BD05-9E84161A50DA}.AppStore|ARM.ActiveCfg = Release|Any CPU
		{BFCBB5CF-1924-4B40-BD05-9E84161A50DA}.AppStore|ARM.Build.0 = Release|Any CPU
		{BFCBB5CF-1924-4B40-BD05-9E84161A50DA}.AppStore|ARM.Deploy.0 = Release|Any CPU
		{BFCBB5CF-1924-4B40-BD05-9E84161A50DA}.AppStore|iPhone.ActiveCfg = Release|Any CPU
		{BFCBB5CF-1924-4B40-BD05-9E84161A50DA}.AppStore|iPhone.Build.0 = Release|Any CPU
		{BFCBB5CF-1924-4B40-BD05-9E84161A50DA}.AppStore|iPhone.Deploy.0 = Release|Any CPU
		{BFCBB5CF-1924-4B40-BD05-9E84161A50DA}.AppStore|iPhoneSimulator.ActiveCfg = Release|Any CPU
		{BFCBB5CF-1924-4B40-BD05-9E84161A50DA}.AppStore|iPhoneSimulator.Build.0 = Release|Any CPU
		{BFCBB5CF-1924-4B40-BD05-9E84161A50DA}.AppStore|iPhoneSimulator.Deploy.0 = Release|Any CPU
		{BFCBB5CF-1924-4B40-BD05-9E84161A50DA}.AppStore|x64.ActiveCfg = Release|Any CPU
		{BFCBB5CF-1924-4B40-BD05-9E84161A50DA}.AppStore|x64.Build.0 = Release|Any CPU
		{BFCBB5CF-1924-4B40-BD05-9E84161A50DA}.AppStore|x64.Deploy.0 = Release|Any CPU
		{BFCBB5CF-1924-4B40-BD05-9E84161A50DA}.AppStore|x86.ActiveCfg = Release|Any CPU
		{BFCBB5CF-1924-4B40-BD05-9E84161A50DA}.AppStore|x86.Build.0 = Release|Any CPU
		{BFCBB5CF-1924-4B40-BD05-9E84161A50DA}.AppStore|x86.Deploy.0 = Release|Any CPU
		{BFCBB5CF-1924-4B40-BD05-9E84161A50DA}.Debug|Any CPU.ActiveCfg = Debug|Any CPU
		{BFCBB5CF-1924-4B40-BD05-9E84161A50DA}.Debug|Any CPU.Build.0 = Debug|Any CPU
		{BFCBB5CF-1924-4B40-BD05-9E84161A50DA}.Debug|Any CPU.Deploy.0 = Debug|Any CPU
		{BFCBB5CF-1924-4B40-BD05-9E84161A50DA}.Debug|ARM.ActiveCfg = Debug|Any CPU
		{BFCBB5CF-1924-4B40-BD05-9E84161A50DA}.Debug|ARM.Build.0 = Debug|Any CPU
		{BFCBB5CF-1924-4B40-BD05-9E84161A50DA}.Debug|ARM.Deploy.0 = Debug|Any CPU
		{BFCBB5CF-1924-4B40-BD05-9E84161A50DA}.Debug|iPhone.ActiveCfg = Debug|Any CPU
		{BFCBB5CF-1924-4B40-BD05-9E84161A50DA}.Debug|iPhone.Build.0 = Debug|Any CPU
		{BFCBB5CF-1924-4B40-BD05-9E84161A50DA}.Debug|iPhone.Deploy.0 = Debug|Any CPU
		{BFCBB5CF-1924-4B40-BD05-9E84161A50DA}.Debug|iPhoneSimulator.ActiveCfg = Debug|Any CPU
		{BFCBB5CF-1924-4B40-BD05-9E84161A50DA}.Debug|iPhoneSimulator.Build.0 = Debug|Any CPU
		{BFCBB5CF-1924-4B40-BD05-9E84161A50DA}.Debug|iPhoneSimulator.Deploy.0 = Debug|Any CPU
		{BFCBB5CF-1924-4B40-BD05-9E84161A50DA}.Debug|x64.ActiveCfg = Debug|Any CPU
		{BFCBB5CF-1924-4B40-BD05-9E84161A50DA}.Debug|x64.Build.0 = Debug|Any CPU
		{BFCBB5CF-1924-4B40-BD05-9E84161A50DA}.Debug|x64.Deploy.0 = Debug|Any CPU
		{BFCBB5CF-1924-4B40-BD05-9E84161A50DA}.Debug|x86.ActiveCfg = Debug|Any CPU
		{BFCBB5CF-1924-4B40-BD05-9E84161A50DA}.Debug|x86.Build.0 = Debug|Any CPU
		{BFCBB5CF-1924-4B40-BD05-9E84161A50DA}.Debug|x86.Deploy.0 = Debug|Any CPU
		{BFCBB5CF-1924-4B40-BD05-9E84161A50DA}.Release|Any CPU.ActiveCfg = Release|Any CPU
		{BFCBB5CF-1924-4B40-BD05-9E84161A50DA}.Release|Any CPU.Build.0 = Release|Any CPU
		{BFCBB5CF-1924-4B40-BD05-9E84161A50DA}.Release|Any CPU.Deploy.0 = Release|Any CPU
		{BFCBB5CF-1924-4B40-BD05-9E84161A50DA}.Release|ARM.ActiveCfg = Release|Any CPU
		{BFCBB5CF-1924-4B40-BD05-9E84161A50DA}.Release|ARM.Build.0 = Release|Any CPU
		{BFCBB5CF-1924-4B40-BD05-9E84161A50DA}.Release|ARM.Deploy.0 = Release|Any CPU
		{BFCBB5CF-1924-4B40-BD05-9E84161A50DA}.Release|iPhone.ActiveCfg = Release|Any CPU
		{BFCBB5CF-1924-4B40-BD05-9E84161A50DA}.Release|iPhone.Build.0 = Release|Any CPU
		{BFCBB5CF-1924-4B40-BD05-9E84161A50DA}.Release|iPhone.Deploy.0 = Release|Any CPU
		{BFCBB5CF-1924-4B40-BD05-9E84161A50DA}.Release|iPhoneSimulator.ActiveCfg = Release|Any CPU
		{BFCBB5CF-1924-4B40-BD05-9E84161A50DA}.Release|iPhoneSimulator.Build.0 = Release|Any CPU
		{BFCBB5CF-1924-4B40-BD05-9E84161A50DA}.Release|iPhoneSimulator.Deploy.0 = Release|Any CPU
		{BFCBB5CF-1924-4B40-BD05-9E84161A50DA}.Release|x64.ActiveCfg = Release|Any CPU
		{BFCBB5CF-1924-4B40-BD05-9E84161A50DA}.Release|x64.Build.0 = Release|Any CPU
		{BFCBB5CF-1924-4B40-BD05-9E84161A50DA}.Release|x64.Deploy.0 = Release|Any CPU
		{BFCBB5CF-1924-4B40-BD05-9E84161A50DA}.Release|x86.ActiveCfg = Release|Any CPU
		{BFCBB5CF-1924-4B40-BD05-9E84161A50DA}.Release|x86.Build.0 = Release|Any CPU
		{BFCBB5CF-1924-4B40-BD05-9E84161A50DA}.Release|x86.Deploy.0 = Release|Any CPU
		{32234AEF-4F42-4C82-9B78-F51DE86C454B}.Ad-Hoc|Any CPU.ActiveCfg = Ad-Hoc|iPhone
		{32234AEF-4F42-4C82-9B78-F51DE86C454B}.Ad-Hoc|ARM.ActiveCfg = Ad-Hoc|iPhone
		{32234AEF-4F42-4C82-9B78-F51DE86C454B}.Ad-Hoc|iPhone.ActiveCfg = Ad-Hoc|iPhone
		{32234AEF-4F42-4C82-9B78-F51DE86C454B}.Ad-Hoc|iPhone.Build.0 = Ad-Hoc|iPhone
		{32234AEF-4F42-4C82-9B78-F51DE86C454B}.Ad-Hoc|iPhoneSimulator.ActiveCfg = Ad-Hoc|iPhoneSimulator
		{32234AEF-4F42-4C82-9B78-F51DE86C454B}.Ad-Hoc|iPhoneSimulator.Build.0 = Ad-Hoc|iPhoneSimulator
		{32234AEF-4F42-4C82-9B78-F51DE86C454B}.Ad-Hoc|x64.ActiveCfg = Ad-Hoc|iPhone
		{32234AEF-4F42-4C82-9B78-F51DE86C454B}.Ad-Hoc|x86.ActiveCfg = Ad-Hoc|iPhone
		{32234AEF-4F42-4C82-9B78-F51DE86C454B}.AppStore|Any CPU.ActiveCfg = AppStore|iPhone
		{32234AEF-4F42-4C82-9B78-F51DE86C454B}.AppStore|ARM.ActiveCfg = AppStore|iPhone
		{32234AEF-4F42-4C82-9B78-F51DE86C454B}.AppStore|iPhone.ActiveCfg = AppStore|iPhone
		{32234AEF-4F42-4C82-9B78-F51DE86C454B}.AppStore|iPhone.Build.0 = AppStore|iPhone
		{32234AEF-4F42-4C82-9B78-F51DE86C454B}.AppStore|iPhoneSimulator.ActiveCfg = AppStore|iPhoneSimulator
		{32234AEF-4F42-4C82-9B78-F51DE86C454B}.AppStore|iPhoneSimulator.Build.0 = AppStore|iPhoneSimulator
		{32234AEF-4F42-4C82-9B78-F51DE86C454B}.AppStore|x64.ActiveCfg = AppStore|iPhone
		{32234AEF-4F42-4C82-9B78-F51DE86C454B}.AppStore|x86.ActiveCfg = AppStore|iPhone
		{32234AEF-4F42-4C82-9B78-F51DE86C454B}.Debug|Any CPU.ActiveCfg = Debug|iPhone
		{32234AEF-4F42-4C82-9B78-F51DE86C454B}.Debug|ARM.ActiveCfg = Debug|iPhone
		{32234AEF-4F42-4C82-9B78-F51DE86C454B}.Debug|iPhone.ActiveCfg = Debug|iPhone
		{32234AEF-4F42-4C82-9B78-F51DE86C454B}.Debug|iPhone.Build.0 = Debug|iPhone
		{32234AEF-4F42-4C82-9B78-F51DE86C454B}.Debug|iPhoneSimulator.ActiveCfg = Debug|iPhoneSimulator
		{32234AEF-4F42-4C82-9B78-F51DE86C454B}.Debug|iPhoneSimulator.Build.0 = Debug|iPhoneSimulator
		{32234AEF-4F42-4C82-9B78-F51DE86C454B}.Debug|x64.ActiveCfg = Debug|iPhone
		{32234AEF-4F42-4C82-9B78-F51DE86C454B}.Debug|x86.ActiveCfg = Debug|iPhone
		{32234AEF-4F42-4C82-9B78-F51DE86C454B}.Release|Any CPU.ActiveCfg = Release|iPhone
		{32234AEF-4F42-4C82-9B78-F51DE86C454B}.Release|ARM.ActiveCfg = Release|iPhone
		{32234AEF-4F42-4C82-9B78-F51DE86C454B}.Release|iPhone.ActiveCfg = Release|iPhone
		{32234AEF-4F42-4C82-9B78-F51DE86C454B}.Release|iPhone.Build.0 = Release|iPhone
		{32234AEF-4F42-4C82-9B78-F51DE86C454B}.Release|iPhoneSimulator.ActiveCfg = Release|iPhoneSimulator
		{32234AEF-4F42-4C82-9B78-F51DE86C454B}.Release|iPhoneSimulator.Build.0 = Release|iPhoneSimulator
		{32234AEF-4F42-4C82-9B78-F51DE86C454B}.Release|x64.ActiveCfg = Release|iPhone
		{32234AEF-4F42-4C82-9B78-F51DE86C454B}.Release|x86.ActiveCfg = Release|iPhone
		{7DBD2DCF-D8A0-43C3-AF71-7DDA41771378}.Ad-Hoc|Any CPU.ActiveCfg = Release|x86
		{7DBD2DCF-D8A0-43C3-AF71-7DDA41771378}.Ad-Hoc|Any CPU.Build.0 = Release|x86
		{7DBD2DCF-D8A0-43C3-AF71-7DDA41771378}.Ad-Hoc|Any CPU.Deploy.0 = Release|x86
		{7DBD2DCF-D8A0-43C3-AF71-7DDA41771378}.Ad-Hoc|ARM.ActiveCfg = Release|ARM
		{7DBD2DCF-D8A0-43C3-AF71-7DDA41771378}.Ad-Hoc|ARM.Build.0 = Release|ARM
		{7DBD2DCF-D8A0-43C3-AF71-7DDA41771378}.Ad-Hoc|ARM.Deploy.0 = Release|ARM
		{7DBD2DCF-D8A0-43C3-AF71-7DDA41771378}.Ad-Hoc|iPhone.ActiveCfg = Release|x86
		{7DBD2DCF-D8A0-43C3-AF71-7DDA41771378}.Ad-Hoc|iPhone.Build.0 = Release|x86
		{7DBD2DCF-D8A0-43C3-AF71-7DDA41771378}.Ad-Hoc|iPhone.Deploy.0 = Release|x86
		{7DBD2DCF-D8A0-43C3-AF71-7DDA41771378}.Ad-Hoc|iPhoneSimulator.ActiveCfg = Release|x86
		{7DBD2DCF-D8A0-43C3-AF71-7DDA41771378}.Ad-Hoc|iPhoneSimulator.Build.0 = Release|x86
		{7DBD2DCF-D8A0-43C3-AF71-7DDA41771378}.Ad-Hoc|iPhoneSimulator.Deploy.0 = Release|x86
		{7DBD2DCF-D8A0-43C3-AF71-7DDA41771378}.Ad-Hoc|x64.ActiveCfg = Release|x64
		{7DBD2DCF-D8A0-43C3-AF71-7DDA41771378}.Ad-Hoc|x64.Build.0 = Release|x64
		{7DBD2DCF-D8A0-43C3-AF71-7DDA41771378}.Ad-Hoc|x64.Deploy.0 = Release|x64
		{7DBD2DCF-D8A0-43C3-AF71-7DDA41771378}.Ad-Hoc|x86.ActiveCfg = Release|x86
		{7DBD2DCF-D8A0-43C3-AF71-7DDA41771378}.Ad-Hoc|x86.Build.0 = Release|x86
		{7DBD2DCF-D8A0-43C3-AF71-7DDA41771378}.Ad-Hoc|x86.Deploy.0 = Release|x86
		{7DBD2DCF-D8A0-43C3-AF71-7DDA41771378}.AppStore|Any CPU.ActiveCfg = Release|x86
		{7DBD2DCF-D8A0-43C3-AF71-7DDA41771378}.AppStore|Any CPU.Build.0 = Release|x86
		{7DBD2DCF-D8A0-43C3-AF71-7DDA41771378}.AppStore|Any CPU.Deploy.0 = Release|x86
		{7DBD2DCF-D8A0-43C3-AF71-7DDA41771378}.AppStore|ARM.ActiveCfg = Release|ARM
		{7DBD2DCF-D8A0-43C3-AF71-7DDA41771378}.AppStore|ARM.Build.0 = Release|ARM
		{7DBD2DCF-D8A0-43C3-AF71-7DDA41771378}.AppStore|ARM.Deploy.0 = Release|ARM
		{7DBD2DCF-D8A0-43C3-AF71-7DDA41771378}.AppStore|iPhone.ActiveCfg = Release|x86
		{7DBD2DCF-D8A0-43C3-AF71-7DDA41771378}.AppStore|iPhone.Build.0 = Release|x86
		{7DBD2DCF-D8A0-43C3-AF71-7DDA41771378}.AppStore|iPhone.Deploy.0 = Release|x86
		{7DBD2DCF-D8A0-43C3-AF71-7DDA41771378}.AppStore|iPhoneSimulator.ActiveCfg = Release|x86
		{7DBD2DCF-D8A0-43C3-AF71-7DDA41771378}.AppStore|iPhoneSimulator.Build.0 = Release|x86
		{7DBD2DCF-D8A0-43C3-AF71-7DDA41771378}.AppStore|iPhoneSimulator.Deploy.0 = Release|x86
		{7DBD2DCF-D8A0-43C3-AF71-7DDA41771378}.AppStore|x64.ActiveCfg = Release|x64
		{7DBD2DCF-D8A0-43C3-AF71-7DDA41771378}.AppStore|x64.Build.0 = Release|x64
		{7DBD2DCF-D8A0-43C3-AF71-7DDA41771378}.AppStore|x64.Deploy.0 = Release|x64
		{7DBD2DCF-D8A0-43C3-AF71-7DDA41771378}.AppStore|x86.ActiveCfg = Release|x86
		{7DBD2DCF-D8A0-43C3-AF71-7DDA41771378}.AppStore|x86.Build.0 = Release|x86
		{7DBD2DCF-D8A0-43C3-AF71-7DDA41771378}.AppStore|x86.Deploy.0 = Release|x86
		{7DBD2DCF-D8A0-43C3-AF71-7DDA41771378}.Debug|Any CPU.ActiveCfg = Debug|x86
		{7DBD2DCF-D8A0-43C3-AF71-7DDA41771378}.Debug|ARM.ActiveCfg = Debug|ARM
		{7DBD2DCF-D8A0-43C3-AF71-7DDA41771378}.Debug|ARM.Build.0 = Debug|ARM
		{7DBD2DCF-D8A0-43C3-AF71-7DDA41771378}.Debug|ARM.Deploy.0 = Debug|ARM
		{7DBD2DCF-D8A0-43C3-AF71-7DDA41771378}.Debug|iPhone.ActiveCfg = Debug|x86
		{7DBD2DCF-D8A0-43C3-AF71-7DDA41771378}.Debug|iPhoneSimulator.ActiveCfg = Debug|x86
		{7DBD2DCF-D8A0-43C3-AF71-7DDA41771378}.Debug|x64.ActiveCfg = Debug|x64
		{7DBD2DCF-D8A0-43C3-AF71-7DDA41771378}.Debug|x64.Build.0 = Debug|x64
		{7DBD2DCF-D8A0-43C3-AF71-7DDA41771378}.Debug|x64.Deploy.0 = Debug|x64
		{7DBD2DCF-D8A0-43C3-AF71-7DDA41771378}.Debug|x86.ActiveCfg = Debug|x86
		{7DBD2DCF-D8A0-43C3-AF71-7DDA41771378}.Debug|x86.Build.0 = Debug|x86
		{7DBD2DCF-D8A0-43C3-AF71-7DDA41771378}.Debug|x86.Deploy.0 = Debug|x86
		{7DBD2DCF-D8A0-43C3-AF71-7DDA41771378}.Release|Any CPU.ActiveCfg = Release|x86
		{7DBD2DCF-D8A0-43C3-AF71-7DDA41771378}.Release|ARM.ActiveCfg = Release|ARM
		{7DBD2DCF-D8A0-43C3-AF71-7DDA41771378}.Release|ARM.Build.0 = Release|ARM
		{7DBD2DCF-D8A0-43C3-AF71-7DDA41771378}.Release|ARM.Deploy.0 = Release|ARM
		{7DBD2DCF-D8A0-43C3-AF71-7DDA41771378}.Release|iPhone.ActiveCfg = Release|x86
		{7DBD2DCF-D8A0-43C3-AF71-7DDA41771378}.Release|iPhoneSimulator.ActiveCfg = Release|x86
		{7DBD2DCF-D8A0-43C3-AF71-7DDA41771378}.Release|x64.ActiveCfg = Release|x64
		{7DBD2DCF-D8A0-43C3-AF71-7DDA41771378}.Release|x64.Build.0 = Release|x64
		{7DBD2DCF-D8A0-43C3-AF71-7DDA41771378}.Release|x64.Deploy.0 = Release|x64
		{7DBD2DCF-D8A0-43C3-AF71-7DDA41771378}.Release|x86.ActiveCfg = Release|x86
		{7DBD2DCF-D8A0-43C3-AF71-7DDA41771378}.Release|x86.Build.0 = Release|x86
		{7DBD2DCF-D8A0-43C3-AF71-7DDA41771378}.Release|x86.Deploy.0 = Release|x86
	EndGlobalSection
	GlobalSection(SolutionProperties) = preSolution
		HideSolutionNode = FALSE
	EndGlobalSection
EndGlobal
